// !$*UTF8*$!
{
	archiveVersion = 1;
	classes = {
	};
	objectVersion = 46;
	objects = {

/* Begin PBXBuildFile section */
		A967F3101959740300262E81 /* Foundation.framework in Frameworks */ = {isa = PBXBuildFile; fileRef = A967F30F1959740300262E81 /* Foundation.framework */; };
		A967F3121959740300262E81 /* CoreGraphics.framework in Frameworks */ = {isa = PBXBuildFile; fileRef = A967F3111959740300262E81 /* CoreGraphics.framework */; };
		A967F3141959740300262E81 /* UIKit.framework in Frameworks */ = {isa = PBXBuildFile; fileRef = A967F3131959740300262E81 /* UIKit.framework */; };
		A967F31A1959740300262E81 /* InfoPlist.strings in Resources */ = {isa = PBXBuildFile; fileRef = A967F3181959740300262E81 /* InfoPlist.strings */; };
		A967F31C1959740300262E81 /* main.m in Sources */ = {isa = PBXBuildFile; fileRef = A967F31B1959740300262E81 /* main.m */; };
		A967F3201959740300262E81 /* AppDelegate.m in Sources */ = {isa = PBXBuildFile; fileRef = A967F31F1959740300262E81 /* AppDelegate.m */; };
		A967F3231959740300262E81 /* Main.storyboard in Resources */ = {isa = PBXBuildFile; fileRef = A967F3211959740300262E81 /* Main.storyboard */; };
		A967F3261959740300262E81 /* ViewController.m in Sources */ = {isa = PBXBuildFile; fileRef = A967F3251959740300262E81 /* ViewController.m */; };
		A967F3281959740300262E81 /* Images.xcassets in Resources */ = {isa = PBXBuildFile; fileRef = A967F3271959740300262E81 /* Images.xcassets */; };
		A967F32F1959740300262E81 /* XCTest.framework in Frameworks */ = {isa = PBXBuildFile; fileRef = A967F32E1959740300262E81 /* XCTest.framework */; };
		A967F3301959740300262E81 /* Foundation.framework in Frameworks */ = {isa = PBXBuildFile; fileRef = A967F30F1959740300262E81 /* Foundation.framework */; };
		A967F3311959740300262E81 /* UIKit.framework in Frameworks */ = {isa = PBXBuildFile; fileRef = A967F3131959740300262E81 /* UIKit.framework */; };
		A967F3391959740300262E81 /* InfoPlist.strings in Resources */ = {isa = PBXBuildFile; fileRef = A967F3371959740300262E81 /* InfoPlist.strings */; };
		A967F33B1959740300262E81 /* TestTests.m in Sources */ = {isa = PBXBuildFile; fileRef = A967F33A1959740300262E81 /* TestTests.m */; };
		A967F364195983AB00262E81 /* MKAnnotationView+WebCache.m in Sources */ = {isa = PBXBuildFile; fileRef = A967F346195983AB00262E81 /* MKAnnotationView+WebCache.m */; };
		A967F365195983AB00262E81 /* NSData+ImageContentType.m in Sources */ = {isa = PBXBuildFile; fileRef = A967F348195983AB00262E81 /* NSData+ImageContentType.m */; };
		A967F366195983AB00262E81 /* SDImageCache.m in Sources */ = {isa = PBXBuildFile; fileRef = A967F34A195983AB00262E81 /* SDImageCache.m */; };
		A967F367195983AB00262E81 /* SDWebImageCompat.m in Sources */ = {isa = PBXBuildFile; fileRef = A967F34C195983AB00262E81 /* SDWebImageCompat.m */; };
		A967F368195983AB00262E81 /* SDWebImageDecoder.m in Sources */ = {isa = PBXBuildFile; fileRef = A967F34E195983AB00262E81 /* SDWebImageDecoder.m */; };
		A967F369195983AB00262E81 /* SDWebImageDownloader.m in Sources */ = {isa = PBXBuildFile; fileRef = A967F350195983AB00262E81 /* SDWebImageDownloader.m */; };
		A967F36A195983AB00262E81 /* SDWebImageDownloaderOperation.m in Sources */ = {isa = PBXBuildFile; fileRef = A967F352195983AB00262E81 /* SDWebImageDownloaderOperation.m */; };
		A967F36B195983AB00262E81 /* SDWebImageManager.m in Sources */ = {isa = PBXBuildFile; fileRef = A967F354195983AB00262E81 /* SDWebImageManager.m */; };
		A967F36C195983AB00262E81 /* SDWebImagePrefetcher.m in Sources */ = {isa = PBXBuildFile; fileRef = A967F357195983AB00262E81 /* SDWebImagePrefetcher.m */; };
		A967F36D195983AB00262E81 /* UIButton+WebCache.m in Sources */ = {isa = PBXBuildFile; fileRef = A967F359195983AB00262E81 /* UIButton+WebCache.m */; };
		A967F36E195983AB00262E81 /* UIImage+GIF.m in Sources */ = {isa = PBXBuildFile; fileRef = A967F35B195983AB00262E81 /* UIImage+GIF.m */; };
		A967F36F195983AB00262E81 /* UIImage+MultiFormat.m in Sources */ = {isa = PBXBuildFile; fileRef = A967F35D195983AB00262E81 /* UIImage+MultiFormat.m */; };
		A967F370195983AB00262E81 /* UIImage+WebP.m in Sources */ = {isa = PBXBuildFile; fileRef = A967F35F195983AB00262E81 /* UIImage+WebP.m */; };
		A967F371195983AB00262E81 /* UIImageView+HighlightedWebCache.m in Sources */ = {isa = PBXBuildFile; fileRef = A967F361195983AB00262E81 /* UIImageView+HighlightedWebCache.m */; };
		A967F372195983AB00262E81 /* UIImageView+WebCache.m in Sources */ = {isa = PBXBuildFile; fileRef = A967F363195983AB00262E81 /* UIImageView+WebCache.m */; };
/* End PBXBuildFile section */

/* Begin PBXContainerItemProxy section */
		A967F3321959740300262E81 /* PBXContainerItemProxy */ = {
			isa = PBXContainerItemProxy;
			containerPortal = A967F3041959740300262E81 /* Project object */;
			proxyType = 1;
			remoteGlobalIDString = A967F30B1959740300262E81;
			remoteInfo = Test;
		};
/* End PBXContainerItemProxy section */

/* Begin PBXFileReference section */
		A967F30C1959740300262E81 /* AsyncWebServiceTableView.app */ = {isa = PBXFileReference; explicitFileType = wrapper.application; includeInIndex = 0; path = AsyncWebServiceTableView.app; sourceTree = BUILT_PRODUCTS_DIR; };
		A967F30F1959740300262E81 /* Foundation.framework */ = {isa = PBXFileReference; lastKnownFileType = wrapper.framework; name = Foundation.framework; path = System/Library/Frameworks/Foundation.framework; sourceTree = SDKROOT; };
		A967F3111959740300262E81 /* CoreGraphics.framework */ = {isa = PBXFileReference; lastKnownFileType = wrapper.framework; name = CoreGraphics.framework; path = System/Library/Frameworks/CoreGraphics.framework; sourceTree = SDKROOT; };
		A967F3131959740300262E81 /* UIKit.framework */ = {isa = PBXFileReference; lastKnownFileType = wrapper.framework; name = UIKit.framework; path = System/Library/Frameworks/UIKit.framework; sourceTree = SDKROOT; };
		A967F3171959740300262E81 /* AsyncWebServiceTableView-Info.plist */ = {isa = PBXFileReference; lastKnownFileType = text.plist.xml; path = "AsyncWebServiceTableView-Info.plist"; sourceTree = "<group>"; };
		A967F3191959740300262E81 /* en */ = {isa = PBXFileReference; lastKnownFileType = text.plist.strings; name = en; path = en.lproj/InfoPlist.strings; sourceTree = "<group>"; };
		A967F31B1959740300262E81 /* main.m */ = {isa = PBXFileReference; lastKnownFileType = sourcecode.c.objc; path = main.m; sourceTree = "<group>"; };
		A967F31D1959740300262E81 /* AsyncWebServiceTableView-Prefix.pch */ = {isa = PBXFileReference; lastKnownFileType = sourcecode.c.h; path = "AsyncWebServiceTableView-Prefix.pch"; sourceTree = "<group>"; };
		A967F31E1959740300262E81 /* AppDelegate.h */ = {isa = PBXFileReference; lastKnownFileType = sourcecode.c.h; path = AppDelegate.h; sourceTree = "<group>"; };
		A967F31F1959740300262E81 /* AppDelegate.m */ = {isa = PBXFileReference; lastKnownFileType = sourcecode.c.objc; path = AppDelegate.m; sourceTree = "<group>"; };
		A967F3221959740300262E81 /* Base */ = {isa = PBXFileReference; lastKnownFileType = file.storyboard; name = Base; path = Base.lproj/Main.storyboard; sourceTree = "<group>"; };
		A967F3241959740300262E81 /* ViewController.h */ = {isa = PBXFileReference; lastKnownFileType = sourcecode.c.h; path = ViewController.h; sourceTree = "<group>"; };
		A967F3251959740300262E81 /* ViewController.m */ = {isa = PBXFileReference; lastKnownFileType = sourcecode.c.objc; path = ViewController.m; sourceTree = "<group>"; };
		A967F3271959740300262E81 /* Images.xcassets */ = {isa = PBXFileReference; lastKnownFileType = folder.assetcatalog; path = Images.xcassets; sourceTree = "<group>"; };
		A967F32D1959740300262E81 /* AsyncWebServiceTableViewAsyncWebServiceTableViews.xctest */ = {isa = PBXFileReference; explicitFileType = wrapper.cfbundle; includeInIndex = 0; path = AsyncWebServiceTableViewAsyncWebServiceTableViews.xctest; sourceTree = BUILT_PRODUCTS_DIR; };
		A967F32E1959740300262E81 /* XCTest.framework */ = {isa = PBXFileReference; lastKnownFileType = wrapper.framework; name = XCTest.framework; path = Library/Frameworks/XCTest.framework; sourceTree = DEVELOPER_DIR; };
		A967F3361959740300262E81 /* AsyncWebServiceTableViewAsyncWebServiceTableViews-Info.plist */ = {isa = PBXFileReference; lastKnownFileType = text.plist.xml; path = "AsyncWebServiceTableViewAsyncWebServiceTableViews-Info.plist"; sourceTree = "<group>"; };
		A967F3381959740300262E81 /* en */ = {isa = PBXFileReference; lastKnownFileType = text.plist.strings; name = en; path = en.lproj/InfoPlist.strings; sourceTree = "<group>"; };
		A967F33A1959740300262E81 /* TestTests.m */ = {isa = PBXFileReference; lastKnownFileType = sourcecode.c.objc; path = TestTests.m; sourceTree = "<group>"; };
		A967F345195983AB00262E81 /* MKAnnotationView+WebCache.h */ = {isa = PBXFileReference; fileEncoding = 4; lastKnownFileType = sourcecode.c.h; path = "MKAnnotationView+WebCache.h"; sourceTree = "<group>"; };
		A967F346195983AB00262E81 /* MKAnnotationView+WebCache.m */ = {isa = PBXFileReference; fileEncoding = 4; lastKnownFileType = sourcecode.c.objc; path = "MKAnnotationView+WebCache.m"; sourceTree = "<group>"; };
		A967F347195983AB00262E81 /* NSData+ImageContentType.h */ = {isa = PBXFileReference; fileEncoding = 4; lastKnownFileType = sourcecode.c.h; path = "NSData+ImageContentType.h"; sourceTree = "<group>"; };
		A967F348195983AB00262E81 /* NSData+ImageContentType.m */ = {isa = PBXFileReference; fileEncoding = 4; lastKnownFileType = sourcecode.c.objc; path = "NSData+ImageContentType.m"; sourceTree = "<group>"; };
		A967F349195983AB00262E81 /* SDImageCache.h */ = {isa = PBXFileReference; fileEncoding = 4; lastKnownFileType = sourcecode.c.h; path = SDImageCache.h; sourceTree = "<group>"; };
		A967F34A195983AB00262E81 /* SDImageCache.m */ = {isa = PBXFileReference; fileEncoding = 4; lastKnownFileType = sourcecode.c.objc; path = SDImageCache.m; sourceTree = "<group>"; };
		A967F34B195983AB00262E81 /* SDWebImageCompat.h */ = {isa = PBXFileReference; fileEncoding = 4; lastKnownFileType = sourcecode.c.h; path = SDWebImageCompat.h; sourceTree = "<group>"; };
		A967F34C195983AB00262E81 /* SDWebImageCompat.m */ = {isa = PBXFileReference; fileEncoding = 4; lastKnownFileType = sourcecode.c.objc; path = SDWebImageCompat.m; sourceTree = "<group>"; };
		A967F34D195983AB00262E81 /* SDWebImageDecoder.h */ = {isa = PBXFileReference; fileEncoding = 4; lastKnownFileType = sourcecode.c.h; path = SDWebImageDecoder.h; sourceTree = "<group>"; };
		A967F34E195983AB00262E81 /* SDWebImageDecoder.m */ = {isa = PBXFileReference; fileEncoding = 4; lastKnownFileType = sourcecode.c.objc; path = SDWebImageDecoder.m; sourceTree = "<group>"; };
		A967F34F195983AB00262E81 /* SDWebImageDownloader.h */ = {isa = PBXFileReference; fileEncoding = 4; lastKnownFileType = sourcecode.c.h; path = SDWebImageDownloader.h; sourceTree = "<group>"; };
		A967F350195983AB00262E81 /* SDWebImageDownloader.m */ = {isa = PBXFileReference; fileEncoding = 4; lastKnownFileType = sourcecode.c.objc; path = SDWebImageDownloader.m; sourceTree = "<group>"; };
		A967F351195983AB00262E81 /* SDWebImageDownloaderOperation.h */ = {isa = PBXFileReference; fileEncoding = 4; lastKnownFileType = sourcecode.c.h; path = SDWebImageDownloaderOperation.h; sourceTree = "<group>"; };
		A967F352195983AB00262E81 /* SDWebImageDownloaderOperation.m */ = {isa = PBXFileReference; fileEncoding = 4; lastKnownFileType = sourcecode.c.objc; path = SDWebImageDownloaderOperation.m; sourceTree = "<group>"; };
		A967F353195983AB00262E81 /* SDWebImageManager.h */ = {isa = PBXFileReference; fileEncoding = 4; lastKnownFileType = sourcecode.c.h; path = SDWebImageManager.h; sourceTree = "<group>"; };
		A967F354195983AB00262E81 /* SDWebImageManager.m */ = {isa = PBXFileReference; fileEncoding = 4; lastKnownFileType = sourcecode.c.objc; path = SDWebImageManager.m; sourceTree = "<group>"; };
		A967F355195983AB00262E81 /* SDWebImageOperation.h */ = {isa = PBXFileReference; fileEncoding = 4; lastKnownFileType = sourcecode.c.h; path = SDWebImageOperation.h; sourceTree = "<group>"; };
		A967F356195983AB00262E81 /* SDWebImagePrefetcher.h */ = {isa = PBXFileReference; fileEncoding = 4; lastKnownFileType = sourcecode.c.h; path = SDWebImagePrefetcher.h; sourceTree = "<group>"; };
		A967F357195983AB00262E81 /* SDWebImagePrefetcher.m */ = {isa = PBXFileReference; fileEncoding = 4; lastKnownFileType = sourcecode.c.objc; path = SDWebImagePrefetcher.m; sourceTree = "<group>"; };
		A967F358195983AB00262E81 /* UIButton+WebCache.h */ = {isa = PBXFileReference; fileEncoding = 4; lastKnownFileType = sourcecode.c.h; path = "UIButton+WebCache.h"; sourceTree = "<group>"; };
		A967F359195983AB00262E81 /* UIButton+WebCache.m */ = {isa = PBXFileReference; fileEncoding = 4; lastKnownFileType = sourcecode.c.objc; path = "UIButton+WebCache.m"; sourceTree = "<group>"; };
		A967F35A195983AB00262E81 /* UIImage+GIF.h */ = {isa = PBXFileReference; fileEncoding = 4; lastKnownFileType = sourcecode.c.h; path = "UIImage+GIF.h"; sourceTree = "<group>"; };
		A967F35B195983AB00262E81 /* UIImage+GIF.m */ = {isa = PBXFileReference; fileEncoding = 4; lastKnownFileType = sourcecode.c.objc; path = "UIImage+GIF.m"; sourceTree = "<group>"; };
		A967F35C195983AB00262E81 /* UIImage+MultiFormat.h */ = {isa = PBXFileReference; fileEncoding = 4; lastKnownFileType = sourcecode.c.h; path = "UIImage+MultiFormat.h"; sourceTree = "<group>"; };
		A967F35D195983AB00262E81 /* UIImage+MultiFormat.m */ = {isa = PBXFileReference; fileEncoding = 4; lastKnownFileType = sourcecode.c.objc; path = "UIImage+MultiFormat.m"; sourceTree = "<group>"; };
		A967F35E195983AB00262E81 /* UIImage+WebP.h */ = {isa = PBXFileReference; fileEncoding = 4; lastKnownFileType = sourcecode.c.h; path = "UIImage+WebP.h"; sourceTree = "<group>"; };
		A967F35F195983AB00262E81 /* UIImage+WebP.m */ = {isa = PBXFileReference; fileEncoding = 4; lastKnownFileType = sourcecode.c.objc; path = "UIImage+WebP.m"; sourceTree = "<group>"; };
		A967F360195983AB00262E81 /* UIImageView+HighlightedWebCache.h */ = {isa = PBXFileReference; fileEncoding = 4; lastKnownFileType = sourcecode.c.h; path = "UIImageView+HighlightedWebCache.h"; sourceTree = "<group>"; };
		A967F361195983AB00262E81 /* UIImageView+HighlightedWebCache.m */ = {isa = PBXFileReference; fileEncoding = 4; lastKnownFileType = sourcecode.c.objc; path = "UIImageView+HighlightedWebCache.m"; sourceTree = "<group>"; };
		A967F362195983AB00262E81 /* UIImageView+WebCache.h */ = {isa = PBXFileReference; fileEncoding = 4; lastKnownFileType = sourcecode.c.h; path = "UIImageView+WebCache.h"; sourceTree = "<group>"; };
		A967F363195983AB00262E81 /* UIImageView+WebCache.m */ = {isa = PBXFileReference; fileEncoding = 4; lastKnownFileType = sourcecode.c.objc; path = "UIImageView+WebCache.m"; sourceTree = "<group>"; };
/* End PBXFileReference section */

/* Begin PBXFrameworksBuildPhase section */
		A967F3091959740300262E81 /* Frameworks */ = {
			isa = PBXFrameworksBuildPhase;
			buildActionMask = 2147483647;
			files = (
				A967F3121959740300262E81 /* CoreGraphics.framework in Frameworks */,
				A967F3141959740300262E81 /* UIKit.framework in Frameworks */,
				A967F3101959740300262E81 /* Foundation.framework in Frameworks */,
			);
			runOnlyForDeploymentPostprocessing = 0;
		};
		A967F32A1959740300262E81 /* Frameworks */ = {
			isa = PBXFrameworksBuildPhase;
			buildActionMask = 2147483647;
			files = (
				A967F32F1959740300262E81 /* XCTest.framework in Frameworks */,
				A967F3311959740300262E81 /* UIKit.framework in Frameworks */,
				A967F3301959740300262E81 /* Foundation.framework in Frameworks */,
			);
			runOnlyForDeploymentPostprocessing = 0;
		};
/* End PBXFrameworksBuildPhase section */

/* Begin PBXGroup section */
		A967F3031959740300262E81 = {
			isa = PBXGroup;
			children = (
				A967F3151959740300262E81 /* Test */,
				A967F3341959740300262E81 /* TestTests */,
				A967F30E1959740300262E81 /* Frameworks */,
				A967F30D1959740300262E81 /* Products */,
			);
			sourceTree = "<group>";
		};
		A967F30D1959740300262E81 /* Products */ = {
			isa = PBXGroup;
			children = (
				A967F30C1959740300262E81 /* AsyncWebServiceTableView.app */,
				A967F32D1959740300262E81 /* AsyncWebServiceTableViewAsyncWebServiceTableViews.xctest */,
			);
			name = Products;
			sourceTree = "<group>";
		};
		A967F30E1959740300262E81 /* Frameworks */ = {
			isa = PBXGroup;
			children = (
				A967F30F1959740300262E81 /* Foundation.framework */,
				A967F3111959740300262E81 /* CoreGraphics.framework */,
				A967F3131959740300262E81 /* UIKit.framework */,
				A967F32E1959740300262E81 /* XCTest.framework */,
			);
			name = Frameworks;
			sourceTree = "<group>";
		};
		A967F3151959740300262E81 /* Test */ = {
			isa = PBXGroup;
			children = (
				A967F31E1959740300262E81 /* AppDelegate.h */,
				A967F31F1959740300262E81 /* AppDelegate.m */,
				A967F3211959740300262E81 /* Main.storyboard */,
				A967F3241959740300262E81 /* ViewController.h */,
				A967F3251959740300262E81 /* ViewController.m */,
				A967F344195983AB00262E81 /* SDWebImage */,
				A967F3271959740300262E81 /* Images.xcassets */,
				A967F3161959740300262E81 /* Supporting Files */,
			);
			path = Test;
			sourceTree = "<group>";
		};
		A967F3161959740300262E81 /* Supporting Files */ = {
			isa = PBXGroup;
			children = (
				A967F3171959740300262E81 /* AsyncWebServiceTableView-Info.plist */,
				A967F3181959740300262E81 /* InfoPlist.strings */,
				A967F31B1959740300262E81 /* main.m */,
				A967F31D1959740300262E81 /* AsyncWebServiceTableView-Prefix.pch */,
			);
			name = "Supporting Files";
			sourceTree = "<group>";
		};
		A967F3341959740300262E81 /* TestTests */ = {
			isa = PBXGroup;
			children = (
				A967F33A1959740300262E81 /* TestTests.m */,
				A967F3351959740300262E81 /* Supporting Files */,
			);
			path = TestTests;
			sourceTree = "<group>";
		};
		A967F3351959740300262E81 /* Supporting Files */ = {
			isa = PBXGroup;
			children = (
				A967F3361959740300262E81 /* AsyncWebServiceTableViewAsyncWebServiceTableViews-Info.plist */,
				A967F3371959740300262E81 /* InfoPlist.strings */,
			);
			name = "Supporting Files";
			sourceTree = "<group>";
		};
		A967F344195983AB00262E81 /* SDWebImage */ = {
			isa = PBXGroup;
			children = (
				A967F345195983AB00262E81 /* MKAnnotationView+WebCache.h */,
				A967F346195983AB00262E81 /* MKAnnotationView+WebCache.m */,
				A967F347195983AB00262E81 /* NSData+ImageContentType.h */,
				A967F348195983AB00262E81 /* NSData+ImageContentType.m */,
				A967F349195983AB00262E81 /* SDImageCache.h */,
				A967F34A195983AB00262E81 /* SDImageCache.m */,
				A967F34B195983AB00262E81 /* SDWebImageCompat.h */,
				A967F34C195983AB00262E81 /* SDWebImageCompat.m */,
				A967F34D195983AB00262E81 /* SDWebImageDecoder.h */,
				A967F34E195983AB00262E81 /* SDWebImageDecoder.m */,
				A967F34F195983AB00262E81 /* SDWebImageDownloader.h */,
				A967F350195983AB00262E81 /* SDWebImageDownloader.m */,
				A967F351195983AB00262E81 /* SDWebImageDownloaderOperation.h */,
				A967F352195983AB00262E81 /* SDWebImageDownloaderOperation.m */,
				A967F353195983AB00262E81 /* SDWebImageManager.h */,
				A967F354195983AB00262E81 /* SDWebImageManager.m */,
				A967F355195983AB00262E81 /* SDWebImageOperation.h */,
				A967F356195983AB00262E81 /* SDWebImagePrefetcher.h */,
				A967F357195983AB00262E81 /* SDWebImagePrefetcher.m */,
				A967F358195983AB00262E81 /* UIButton+WebCache.h */,
				A967F359195983AB00262E81 /* UIButton+WebCache.m */,
				A967F35A195983AB00262E81 /* UIImage+GIF.h */,
				A967F35B195983AB00262E81 /* UIImage+GIF.m */,
				A967F35C195983AB00262E81 /* UIImage+MultiFormat.h */,
				A967F35D195983AB00262E81 /* UIImage+MultiFormat.m */,
				A967F35E195983AB00262E81 /* UIImage+WebP.h */,
				A967F35F195983AB00262E81 /* UIImage+WebP.m */,
				A967F360195983AB00262E81 /* UIImageView+HighlightedWebCache.h */,
				A967F361195983AB00262E81 /* UIImageView+HighlightedWebCache.m */,
				A967F362195983AB00262E81 /* UIImageView+WebCache.h */,
				A967F363195983AB00262E81 /* UIImageView+WebCache.m */,
			);
			path = SDWebImage;
			sourceTree = "<group>";
		};
/* End PBXGroup section */

/* Begin PBXNativeTarget section */
		A967F30B1959740300262E81 /* AsyncWebServiceTableView */ = {
			isa = PBXNativeTarget;
			buildConfigurationList = A967F33E1959740300262E81 /* Build configuration list for PBXNativeTarget "AsyncWebServiceTableView" */;
			buildPhases = (
				A967F3081959740300262E81 /* Sources */,
				A967F3091959740300262E81 /* Frameworks */,
				A967F30A1959740300262E81 /* Resources */,
			);
			buildRules = (
			);
			dependencies = (
			);
			name = AsyncWebServiceTableView;
			productName = Test;
			productReference = A967F30C1959740300262E81 /* AsyncWebServiceTableView.app */;
			productType = "com.apple.product-type.application";
		};
		A967F32C1959740300262E81 /* AsyncWebServiceTableViewAsyncWebServiceTableViews */ = {
			isa = PBXNativeTarget;
			buildConfigurationList = A967F3411959740300262E81 /* Build configuration list for PBXNativeTarget "AsyncWebServiceTableViewAsyncWebServiceTableViews" */;
			buildPhases = (
				A967F3291959740300262E81 /* Sources */,
				A967F32A1959740300262E81 /* Frameworks */,
				A967F32B1959740300262E81 /* Resources */,
			);
			buildRules = (
			);
			dependencies = (
				A967F3331959740300262E81 /* PBXTargetDependency */,
			);
			name = AsyncWebServiceTableViewAsyncWebServiceTableViews;
			productName = TestTests;
			productReference = A967F32D1959740300262E81 /* AsyncWebServiceTableViewAsyncWebServiceTableViews.xctest */;
			productType = "com.apple.product-type.bundle.unit-test";
		};
/* End PBXNativeTarget section */

/* Begin PBXProject section */
		A967F3041959740300262E81 /* Project object */ = {
			isa = PBXProject;
			attributes = {
				LastUpgradeCheck = 0510;
				ORGANIZATIONNAME = indianic;
				TargetAttributes = {
					A967F32C1959740300262E81 = {
						TestTargetID = A967F30B1959740300262E81;
					};
				};
			};
			buildConfigurationList = A967F3071959740300262E81 /* Build configuration list for PBXProject "AsyncWebServiceTableView" */;
			compatibilityVersion = "Xcode 3.2";
			developmentRegion = English;
			hasScannedForEncodings = 0;
			knownRegions = (
				en,
				Base,
			);
			mainGroup = A967F3031959740300262E81;
			productRefGroup = A967F30D1959740300262E81 /* Products */;
			projectDirPath = "";
			projectRoot = "";
			targets = (
				A967F30B1959740300262E81 /* AsyncWebServiceTableView */,
				A967F32C1959740300262E81 /* AsyncWebServiceTableViewAsyncWebServiceTableViews */,
			);
		};
/* End PBXProject section */

/* Begin PBXResourcesBuildPhase section */
		A967F30A1959740300262E81 /* Resources */ = {
			isa = PBXResourcesBuildPhase;
			buildActionMask = 2147483647;
			files = (
				A967F3281959740300262E81 /* Images.xcassets in Resources */,
				A967F31A1959740300262E81 /* InfoPlist.strings in Resources */,
				A967F3231959740300262E81 /* Main.storyboard in Resources */,
			);
			runOnlyForDeploymentPostprocessing = 0;
		};
		A967F32B1959740300262E81 /* Resources */ = {
			isa = PBXResourcesBuildPhase;
			buildActionMask = 2147483647;
			files = (
				A967F3391959740300262E81 /* InfoPlist.strings in Resources */,
			);
			runOnlyForDeploymentPostprocessing = 0;
		};
/* End PBXResourcesBuildPhase section */

/* Begin PBXSourcesBuildPhase section */
		A967F3081959740300262E81 /* Sources */ = {
			isa = PBXSourcesBuildPhase;
			buildActionMask = 2147483647;
			files = (
				A967F371195983AB00262E81 /* UIImageView+HighlightedWebCache.m in Sources */,
				A967F365195983AB00262E81 /* NSData+ImageContentType.m in Sources */,
				A967F36B195983AB00262E81 /* SDWebImageManager.m in Sources */,
				A967F369195983AB00262E81 /* SDWebImageDownloader.m in Sources */,
				A967F370195983AB00262E81 /* UIImage+WebP.m in Sources */,
				A967F366195983AB00262E81 /* SDImageCache.m in Sources */,
				A967F3261959740300262E81 /* ViewController.m in Sources */,
				A967F364195983AB00262E81 /* MKAnnotationView+WebCache.m in Sources */,
				A967F368195983AB00262E81 /* SDWebImageDecoder.m in Sources */,
				A967F36F195983AB00262E81 /* UIImage+MultiFormat.m in Sources */,
				A967F36A195983AB00262E81 /* SDWebImageDownloaderOperation.m in Sources */,
				A967F3201959740300262E81 /* AppDelegate.m in Sources */,
				A967F36D195983AB00262E81 /* UIButton+WebCache.m in Sources */,
				A967F36C195983AB00262E81 /* SDWebImagePrefetcher.m in Sources */,
				A967F372195983AB00262E81 /* UIImageView+WebCache.m in Sources */,
				A967F367195983AB00262E81 /* SDWebImageCompat.m in Sources */,
				A967F36E195983AB00262E81 /* UIImage+GIF.m in Sources */,
				A967F31C1959740300262E81 /* main.m in Sources */,
			);
			runOnlyForDeploymentPostprocessing = 0;
		};
		A967F3291959740300262E81 /* Sources */ = {
			isa = PBXSourcesBuildPhase;
			buildActionMask = 2147483647;
			files = (
				A967F33B1959740300262E81 /* TestTests.m in Sources */,
			);
			runOnlyForDeploymentPostprocessing = 0;
		};
/* End PBXSourcesBuildPhase section */

/* Begin PBXTargetDependency section */
		A967F3331959740300262E81 /* PBXTargetDependency */ = {
			isa = PBXTargetDependency;
			target = A967F30B1959740300262E81 /* AsyncWebServiceTableView */;
			targetProxy = A967F3321959740300262E81 /* PBXContainerItemProxy */;
		};
/* End PBXTargetDependency section */

/* Begin PBXVariantGroup section */
		A967F3181959740300262E81 /* InfoPlist.strings */ = {
			isa = PBXVariantGroup;
			children = (
				A967F3191959740300262E81 /* en */,
			);
			name = InfoPlist.strings;
			sourceTree = "<group>";
		};
		A967F3211959740300262E81 /* Main.storyboard */ = {
			isa = PBXVariantGroup;
			children = (
				A967F3221959740300262E81 /* Base */,
			);
			name = Main.storyboard;
			sourceTree = "<group>";
		};
		A967F3371959740300262E81 /* InfoPlist.strings */ = {
			isa = PBXVariantGroup;
			children = (
				A967F3381959740300262E81 /* en */,
			);
			name = InfoPlist.strings;
			sourceTree = "<group>";
		};
/* End PBXVariantGroup section */

/* Begin XCBuildConfiguration section */
		A967F33C1959740300262E81 /* Debug */ = {
			isa = XCBuildConfiguration;
			buildSettings = {
				ALWAYS_SEARCH_USER_PATHS = NO;
				CLANG_CXX_LANGUAGE_STANDARD = "gnu++0x";
				CLANG_CXX_LIBRARY = "libc++";
				CLANG_ENABLE_MODULES = YES;
				CLANG_ENABLE_OBJC_ARC = YES;
				CLANG_WARN_BOOL_CONVERSION = YES;
				CLANG_WARN_CONSTANT_CONVERSION = YES;
				CLANG_WARN_DIRECT_OBJC_ISA_USAGE = YES_ERROR;
				CLANG_WARN_EMPTY_BODY = YES;
				CLANG_WARN_ENUM_CONVERSION = YES;
				CLANG_WARN_INT_CONVERSION = YES;
				CLANG_WARN_OBJC_ROOT_CLASS = YES_ERROR;
				CLANG_WARN__DUPLICATE_METHOD_MATCH = YES;
				"CODE_SIGN_IDENTITY[sdk=iphoneos*]" = "iPhone Developer";
				COPY_PHASE_STRIP = NO;
				GCC_C_LANGUAGE_STANDARD = gnu99;
				GCC_DYNAMIC_NO_PIC = NO;
				GCC_OPTIMIZATION_LEVEL = 0;
				GCC_PREPROCESSOR_DEFINITIONS = (
					"DEBUG=1",
					"$(inherited)",
				);
				GCC_SYMBOLS_PRIVATE_EXTERN = NO;
				GCC_WARN_64_TO_32_BIT_CONVERSION = YES;
				GCC_WARN_ABOUT_RETURN_TYPE = YES_ERROR;
				GCC_WARN_UNDECLARED_SELECTOR = YES;
				GCC_WARN_UNINITIALIZED_AUTOS = YES_AGGRESSIVE;
				GCC_WARN_UNUSED_FUNCTION = YES;
				GCC_WARN_UNUSED_VARIABLE = YES;
				IPHONEOS_DEPLOYMENT_TARGET = 7.1;
				ONLY_ACTIVE_ARCH = YES;
				SDKROOT = iphoneos;
			};
			name = Debug;
		};
		A967F33D1959740300262E81 /* Release */ = {
			isa = XCBuildConfiguration;
			buildSettings = {
				ALWAYS_SEARCH_USER_PATHS = NO;
				CLANG_CXX_LANGUAGE_STANDARD = "gnu++0x";
				CLANG_CXX_LIBRARY = "libc++";
				CLANG_ENABLE_MODULES = YES;
				CLANG_ENABLE_OBJC_ARC = YES;
				CLANG_WARN_BOOL_CONVERSION = YES;
				CLANG_WARN_CONSTANT_CONVERSION = YES;
				CLANG_WARN_DIRECT_OBJC_ISA_USAGE = YES_ERROR;
				CLANG_WARN_EMPTY_BODY = YES;
				CLANG_WARN_ENUM_CONVERSION = YES;
				CLANG_WARN_INT_CONVERSION = YES;
				CLANG_WARN_OBJC_ROOT_CLASS = YES_ERROR;
				CLANG_WARN__DUPLICATE_METHOD_MATCH = YES;
				"CODE_SIGN_IDENTITY[sdk=iphoneos*]" = "iPhone Developer";
				COPY_PHASE_STRIP = YES;
				ENABLE_NS_ASSERTIONS = NO;
				GCC_C_LANGUAGE_STANDARD = gnu99;
				GCC_WARN_64_TO_32_BIT_CONVERSION = YES;
				GCC_WARN_ABOUT_RETURN_TYPE = YES_ERROR;
				GCC_WARN_UNDECLARED_SELECTOR = YES;
				GCC_WARN_UNINITIALIZED_AUTOS = YES_AGGRESSIVE;
				GCC_WARN_UNUSED_FUNCTION = YES;
				GCC_WARN_UNUSED_VARIABLE = YES;
				IPHONEOS_DEPLOYMENT_TARGET = 7.1;
				SDKROOT = iphoneos;
				VALIDATE_PRODUCT = YES;
			};
			name = Release;
		};
		A967F33F1959740300262E81 /* Debug */ = {
			isa = XCBuildConfiguration;
			buildSettings = {
				ASSETCATALOG_COMPILER_APPICON_NAME = AppIcon;
				ASSETCATALOG_COMPILER_LAUNCHIMAGE_NAME = LaunchImage;
				GCC_PRECOMPILE_PREFIX_HEADER = YES;
				GCC_PREFIX_HEADER = "Test/AsyncWebServiceTableView-Prefix.pch";
				INFOPLIST_FILE = "Test/AsyncWebServiceTableView-Info.plist";
				PRODUCT_NAME = AsyncWebServiceTableView;
				WRAPPER_EXTENSION = app;
			};
			name = Debug;
		};
		A967F3401959740300262E81 /* Release */ = {
			isa = XCBuildConfiguration;
			buildSettings = {
				ASSETCATALOG_COMPILER_APPICON_NAME = AppIcon;
				ASSETCATALOG_COMPILER_LAUNCHIMAGE_NAME = LaunchImage;
				GCC_PRECOMPILE_PREFIX_HEADER = YES;
				GCC_PREFIX_HEADER = "Test/AsyncWebServiceTableView-Prefix.pch";
				INFOPLIST_FILE = "Test/AsyncWebServiceTableView-Info.plist";
				PRODUCT_NAME = AsyncWebServiceTableView;
				WRAPPER_EXTENSION = app;
			};
			name = Release;
		};
		A967F3421959740300262E81 /* Debug */ = {
			isa = XCBuildConfiguration;
			buildSettings = {
				BUNDLE_LOADER = "$(BUILT_PRODUCTS_DIR)/Test.app/Test";
				FRAMEWORK_SEARCH_PATHS = (
					"$(SDKROOT)/Developer/Library/Frameworks",
					"$(inherited)",
					"$(DEVELOPER_FRAMEWORKS_DIR)",
				);
				GCC_PRECOMPILE_PREFIX_HEADER = YES;
				GCC_PREFIX_HEADER = "Test/Test-Prefix.pch";
				GCC_PREPROCESSOR_DEFINITIONS = (
					"DEBUG=1",
					"$(inherited)",
				);
				INFOPLIST_FILE = "TestTests/AsyncWebServiceTableViewAsyncWebServiceTableViews-Info.plist";
				PRODUCT_NAME = AsyncWebServiceTableViewAsyncWebServiceTableViews;
				TEST_HOST = "$(BUNDLE_LOADER)";
				WRAPPER_EXTENSION = xctest;
			};
			name = Debug;
		};
		A967F3431959740300262E81 /* Release */ = {
			isa = XCBuildConfiguration;
			buildSettings = {
				BUNDLE_LOADER = "$(BUILT_PRODUCTS_DIR)/Test.app/Test";
				FRAMEWORK_SEARCH_PATHS = (
					"$(SDKROOT)/Developer/Library/Frameworks",
					"$(inherited)",
					"$(DEVELOPER_FRAMEWORKS_DIR)",
				);
				GCC_PRECOMPILE_PREFIX_HEADER = YES;
				GCC_PREFIX_HEADER = "Test/Test-Prefix.pch";
				INFOPLIST_FILE = "TestTests/AsyncWebServiceTableViewAsyncWebServiceTableViews-Info.plist";
				PRODUCT_NAME = AsyncWebServiceTableViewAsyncWebServiceTableViews;
				TEST_HOST = "$(BUNDLE_LOADER)";
				WRAPPER_EXTENSION = xctest;
			};
			name = Release;
		};
/* End XCBuildConfiguration section */

/* Begin XCConfigurationList section */
		A967F3071959740300262E81 /* Build configuration list for PBXProject "AsyncWebServiceTableView" */ = {
			isa = XCConfigurationList;
			buildConfigurations = (
				A967F33C1959740300262E81 /* Debug */,
				A967F33D1959740300262E81 /* Release */,
			);
			defaultConfigurationIsVisible = 0;
			defaultConfigurationName = Release;
		};
		A967F33E1959740300262E81 /* Build configuration list for PBXNativeTarget "AsyncWebServiceTableView" */ = {
			isa = XCConfigurationList;
			buildConfigurations = (
				A967F33F1959740300262E81 /* Debug */,
				A967F3401959740300262E81 /* Release */,
			);
			defaultConfigurationIsVisible = 0;
		};
		A967F3411959740300262E81 /* Build configuration list for PBXNativeTarget "AsyncWebServiceTableViewAsyncWebServiceTableViews" */ = {
			isa = XCConfigurationList;
			buildConfigurations = (
				A967F3421959740300262E81 /* Debug */,
				A967F3431959740300262E81 /* Release */,
			);
			defaultConfigurationIsVisible = 0;
		};
/* End XCConfigurationList section */
	};
	rootObject = A967F3041959740300262E81 /* Project object */;
}
